
Microsoft Visual Studio Solution File, Format Version 12.00
# Visual Studio Version 17
VisualStudioVersion = 17.1.32421.90
MinimumVisualStudioVersion = 10.0.40219.1
Project("{FAE04EC0-301F-11D3-BF4B-00C04F79EFBC}") = "Chapter5", "Chapter5\Chapter5.csproj", "{2E2EFA96-CCA3-4128-930F-147CB0844EBD}"
EndProject
Project("{FAE04EC0-301F-11D3-BF4B-00C04F79EFBC}") = "Chapter6", "Chapter6\Chapter6.csproj", "{AFC4550F-B41A-4137-A02A-4A391ABFDC0A}"
EndProject
Global
	GlobalSection(SolutionConfigurationPlatforms) = preSolution
		Debug|Any CPU = Debug|Any CPU
		Release|Any CPU = Release|Any CPU
	EndGlobalSection
	GlobalSection(ProjectConfigurationPlatforms) = postSolution
		{2E2EFA96-CCA3-4128-930F-147CB0844EBD}.Debug|Any CPU.ActiveCfg = Debug|Any CPU
		{2E2EFA96-CCA3-4128-930F-147CB0844EBD}.Debug|Any CPU.Build.0 = Debug|Any CPU
		{2E2EFA96-CCA3-4128-930F-147CB0844EBD}.Release|Any CPU.ActiveCfg = Release|Any CPU
		{2E2EFA96-CCA3-4128-930F-147CB0844EBD}.Release|Any CPU.Build.0 = Release|Any CPU
		{AFC4550F-B41A-4137-A02A-4A391ABFDC0A}.Debug|Any CPU.ActiveCfg = Debug|Any CPU
		{AFC4550F-B41A-4137-A02A-4A391ABFDC0A}.Debug|Any CPU.Build.0 = Debug|Any CPU
		{AFC4550F-B41A-4137-A02A-4A391ABFDC0A}.Release|Any CPU.ActiveCfg = Release|Any CPU
		{AFC4550F-B41A-4137-A02A-4A391ABFDC0A}.Release|Any CPU.Build.0 = Release|Any CPU
	EndGlobalSection
	GlobalSection(SolutionProperties) = preSolution
		HideSolutionNode = FALSE
	EndGlobalSection
	GlobalSection(ExtensibilityGlobals) = postSolution
		SolutionGuid = {EC27782A-2404-4D37-8661-0867426119DA}
	EndGlobalSection
EndGlobal
