
Microsoft Visual Studio Solution File, Format Version 12.00
# Visual Studio Version 17
VisualStudioVersion = 17.1.32421.90
MinimumVisualStudioVersion = 10.0.40219.1
Project("{FAE04EC0-301F-11D3-BF4B-00C04F79EFBC}") = "Chapter5", "Chapter5\Chapter5.csproj", "{2E2EFA96-CCA3-4128-930F-147CB0844EBD}"
EndProject
Project("{FAE04EC0-301F-11D3-BF4B-00C04F79EFBC}") = "Chapter6", "Chapter6\Chapter6.csproj", "{AFC4550F-B41A-4137-A02A-4A391ABFDC0A}"
EndProject
Project("{FAE04EC0-301F-11D3-BF4B-00C04F79EFBC}") = "Chapter7", "Chapter7\Chapter7.csproj", "{3C7AC85B-161B-41F8-B808-50DCAF55C811}"
EndProject
Project("{9A19103F-16F7-4668-BE54-9A1E7A4F7556}") = "Chapter8_Part1_ConsoleApp", "Chapter8_Part1_ConsoleApp\Chapter8_Part1_ConsoleApp.csproj", "{96435AA7-1233-429F-9F57-96FC6E11F9A1}"
EndProject
Project("{FAE04EC0-301F-11D3-BF4B-00C04F79EFBC}") = "Chapter8_Part2", "Chapter8_Part2\Chapter8_Part2.csproj", "{1555E484-06F0-4684-8E72-5AACDD99D4EE}"
EndProject
Project("{FAE04EC0-301F-11D3-BF4B-00C04F79EFBC}") = "Chapter10_CoffeeMachine", "Chapter10_CoffeeMachine\Chapter10_CoffeeMachine.csproj", "{31085578-79B9-4738-AC24-14A42B8D02C3}"
EndProject
Project("{FAE04EC0-301F-11D3-BF4B-00C04F79EFBC}") = "Chapter10_Demo2_PassingDataBetweenForms", "Chapter10_Demo2_PassingDataBetweenForms\Chapter10_Demo2_PassingDataBetweenForms.csproj", "{8FF8CDBF-9A3A-4DF1-9996-97C0754EF5FD}"
EndProject
Project("{FAE04EC0-301F-11D3-BF4B-00C04F79EFBC}") = "Chapter11_Debugging", "Chapter11_Debugging\Chapter11_Debugging.csproj", "{467D06F5-E07A-4D77-A2A5-7351FB2FB4E5}"
EndProject
Project("{FAE04EC0-301F-11D3-BF4B-00C04F79EFBC}") = "Chapter 12 Shapes", "Chapter 12 Shapes\Chapter 12 Shapes.csproj", "{0093D0D7-3BD5-45AB-9FDF-548AF2701D2B}"
EndProject
Global
	GlobalSection(SolutionConfigurationPlatforms) = preSolution
		Debug|Any CPU = Debug|Any CPU
		Release|Any CPU = Release|Any CPU
	EndGlobalSection
	GlobalSection(ProjectConfigurationPlatforms) = postSolution
		{2E2EFA96-CCA3-4128-930F-147CB0844EBD}.Debug|Any CPU.ActiveCfg = Debug|Any CPU
		{2E2EFA96-CCA3-4128-930F-147CB0844EBD}.Debug|Any CPU.Build.0 = Debug|Any CPU
		{2E2EFA96-CCA3-4128-930F-147CB0844EBD}.Release|Any CPU.ActiveCfg = Release|Any CPU
		{2E2EFA96-CCA3-4128-930F-147CB0844EBD}.Release|Any CPU.Build.0 = Release|Any CPU
		{AFC4550F-B41A-4137-A02A-4A391ABFDC0A}.Debug|Any CPU.ActiveCfg = Debug|Any CPU
		{AFC4550F-B41A-4137-A02A-4A391ABFDC0A}.Debug|Any CPU.Build.0 = Debug|Any CPU
		{AFC4550F-B41A-4137-A02A-4A391ABFDC0A}.Release|Any CPU.ActiveCfg = Release|Any CPU
		{AFC4550F-B41A-4137-A02A-4A391ABFDC0A}.Release|Any CPU.Build.0 = Release|Any CPU
		{3C7AC85B-161B-41F8-B808-50DCAF55C811}.Debug|Any CPU.ActiveCfg = Debug|Any CPU
		{3C7AC85B-161B-41F8-B808-50DCAF55C811}.Debug|Any CPU.Build.0 = Debug|Any CPU
		{3C7AC85B-161B-41F8-B808-50DCAF55C811}.Release|Any CPU.ActiveCfg = Release|Any CPU
		{3C7AC85B-161B-41F8-B808-50DCAF55C811}.Release|Any CPU.Build.0 = Release|Any CPU
		{96435AA7-1233-429F-9F57-96FC6E11F9A1}.Debug|Any CPU.ActiveCfg = Debug|Any CPU
		{96435AA7-1233-429F-9F57-96FC6E11F9A1}.Debug|Any CPU.Build.0 = Debug|Any CPU
		{96435AA7-1233-429F-9F57-96FC6E11F9A1}.Release|Any CPU.ActiveCfg = Release|Any CPU
		{96435AA7-1233-429F-9F57-96FC6E11F9A1}.Release|Any CPU.Build.0 = Release|Any CPU
		{1555E484-06F0-4684-8E72-5AACDD99D4EE}.Debug|Any CPU.ActiveCfg = Debug|Any CPU
		{1555E484-06F0-4684-8E72-5AACDD99D4EE}.Debug|Any CPU.Build.0 = Debug|Any CPU
		{1555E484-06F0-4684-8E72-5AACDD99D4EE}.Release|Any CPU.ActiveCfg = Release|Any CPU
		{1555E484-06F0-4684-8E72-5AACDD99D4EE}.Release|Any CPU.Build.0 = Release|Any CPU
		{31085578-79B9-4738-AC24-14A42B8D02C3}.Debug|Any CPU.ActiveCfg = Debug|Any CPU
		{31085578-79B9-4738-AC24-14A42B8D02C3}.Debug|Any CPU.Build.0 = Debug|Any CPU
		{31085578-79B9-4738-AC24-14A42B8D02C3}.Release|Any CPU.ActiveCfg = Release|Any CPU
		{31085578-79B9-4738-AC24-14A42B8D02C3}.Release|Any CPU.Build.0 = Release|Any CPU
		{8FF8CDBF-9A3A-4DF1-9996-97C0754EF5FD}.Debug|Any CPU.ActiveCfg = Debug|Any CPU
		{8FF8CDBF-9A3A-4DF1-9996-97C0754EF5FD}.Debug|Any CPU.Build.0 = Debug|Any CPU
		{8FF8CDBF-9A3A-4DF1-9996-97C0754EF5FD}.Release|Any CPU.ActiveCfg = Release|Any CPU
		{8FF8CDBF-9A3A-4DF1-9996-97C0754EF5FD}.Release|Any CPU.Build.0 = Release|Any CPU
		{467D06F5-E07A-4D77-A2A5-7351FB2FB4E5}.Debug|Any CPU.ActiveCfg = Debug|Any CPU
		{467D06F5-E07A-4D77-A2A5-7351FB2FB4E5}.Debug|Any CPU.Build.0 = Debug|Any CPU
		{467D06F5-E07A-4D77-A2A5-7351FB2FB4E5}.Release|Any CPU.ActiveCfg = Release|Any CPU
		{467D06F5-E07A-4D77-A2A5-7351FB2FB4E5}.Release|Any CPU.Build.0 = Release|Any CPU
		{0093D0D7-3BD5-45AB-9FDF-548AF2701D2B}.Debug|Any CPU.ActiveCfg = Debug|Any CPU
		{0093D0D7-3BD5-45AB-9FDF-548AF2701D2B}.Debug|Any CPU.Build.0 = Debug|Any CPU
		{0093D0D7-3BD5-45AB-9FDF-548AF2701D2B}.Release|Any CPU.ActiveCfg = Release|Any CPU
		{0093D0D7-3BD5-45AB-9FDF-548AF2701D2B}.Release|Any CPU.Build.0 = Release|Any CPU
	EndGlobalSection
	GlobalSection(SolutionProperties) = preSolution
		HideSolutionNode = FALSE
	EndGlobalSection
	GlobalSection(ExtensibilityGlobals) = postSolution
		SolutionGuid = {EC27782A-2404-4D37-8661-0867426119DA}
	EndGlobalSection
EndGlobal
